
Microsoft Visual Studio Solution File, Format Version 12.00
Project("{FAE04EC0-301F-11D3-BF4B-00C04F79EFBC}") = "MailButler.Core", "MailButler.Core\MailButler.Core.csproj", "{833EF12C-0006-4209-8B3F-CA126F2B49B7}"
EndProject
Project("{FAE04EC0-301F-11D3-BF4B-00C04F79EFBC}") = "MailButler.Console", "MailButler.Console\MailButler.Console.csproj", "{FB282606-F91F-43A1-A570-0033922FB2C8}"
EndProject
Project("{FAE04EC0-301F-11D3-BF4B-00C04F79EFBC}") = "MailButler.UseCases", "MailButler.UseCases\MailButler.UseCases.csproj", "{9A318685-8940-4ADA-8B25-9CAEEB15C0F1}"
EndProject
Project("{FAE04EC0-301F-11D3-BF4B-00C04F79EFBC}") = "MailButler.Dtos", "MailButler.Dtos\MailButler.Dtos.csproj", "{DABAF517-7E3B-4BFF-839F-376C36721F33}"
EndProject
Project("{FAE04EC0-301F-11D3-BF4B-00C04F79EFBC}") = "MailButler.MailRules", "MailButler.MailRules\MailButler.MailRules.csproj", "{A14E1B8A-F6C9-476E-BF73-2F7330DA0F67}"
EndProject
Project("{FAE04EC0-301F-11D3-BF4B-00C04F79EFBC}") = "MailButler.Api", "MailButler.Api\MailButler.Api.csproj", "{6DB2722D-552C-4E8C-AE35-1ACA61E47990}"
EndProject
Project("{FAE04EC0-301F-11D3-BF4B-00C04F79EFBC}") = "MailButler.DataAccess", "MailButler.DataAccess\MailButler.DataAccess.csproj", "{F4DE51B2-009E-4DEC-936A-1FCCFAFA557D}"
EndProject
Project("{FAE04EC0-301F-11D3-BF4B-00C04F79EFBC}") = "MailButler.DataAccess.Database.MsSql", "MailButler.DataAccess.Database.MsSql\MailButler.DataAccess.Database.MsSql.csproj", "{2D96776E-363C-4EF8-9CD2-D55367E5858D}"
EndProject
Project("{FAE04EC0-301F-11D3-BF4B-00C04F79EFBC}") = "MailButler.UseCases.Tests", "MailButler.UseCases.Tests\MailButler.UseCases.Tests.csproj", "{AC7D12B0-D4B6-4B85-B5C8-1CD388B72307}"
EndProject
Project("{FAE04EC0-301F-11D3-BF4B-00C04F79EFBC}") = "MailButler.Configuration.AzureJson", "MailButler.Configuration.AzureJson\MailButler.Configuration.AzureJson.csproj", "{61BB3F2D-1370-43A0-B4F8-80ED23AC078E}"
EndProject
Project("{FAE04EC0-301F-11D3-BF4B-00C04F79EFBC}") = "MailButler.Configuration.Tests", "MailButler.Configuration.Tests\MailButler.Configuration.Tests.csproj", "{E6969D3F-47E7-4265-8FE3-E98F6B41FA3A}"
EndProject
Project("{FAE04EC0-301F-11D3-BF4B-00C04F79EFBC}") = "MailButler.Configuration", "MailButler.Configuration\MailButler.Configuration.csproj", "{85844841-ED1A-45EB-A4AB-AD143041BE7D}"
EndProject
Global
	GlobalSection(SolutionConfigurationPlatforms) = preSolution
		Debug|Any CPU = Debug|Any CPU
		Release|Any CPU = Release|Any CPU
	EndGlobalSection
	GlobalSection(ProjectConfigurationPlatforms) = postSolution
		{833EF12C-0006-4209-8B3F-CA126F2B49B7}.Debug|Any CPU.ActiveCfg = Debug|Any CPU
		{833EF12C-0006-4209-8B3F-CA126F2B49B7}.Debug|Any CPU.Build.0 = Debug|Any CPU
		{833EF12C-0006-4209-8B3F-CA126F2B49B7}.Release|Any CPU.ActiveCfg = Release|Any CPU
		{833EF12C-0006-4209-8B3F-CA126F2B49B7}.Release|Any CPU.Build.0 = Release|Any CPU
		{FB282606-F91F-43A1-A570-0033922FB2C8}.Debug|Any CPU.ActiveCfg = Debug|Any CPU
		{FB282606-F91F-43A1-A570-0033922FB2C8}.Debug|Any CPU.Build.0 = Debug|Any CPU
		{FB282606-F91F-43A1-A570-0033922FB2C8}.Release|Any CPU.ActiveCfg = Release|Any CPU
		{FB282606-F91F-43A1-A570-0033922FB2C8}.Release|Any CPU.Build.0 = Release|Any CPU
		{9A318685-8940-4ADA-8B25-9CAEEB15C0F1}.Debug|Any CPU.ActiveCfg = Debug|Any CPU
		{9A318685-8940-4ADA-8B25-9CAEEB15C0F1}.Debug|Any CPU.Build.0 = Debug|Any CPU
		{9A318685-8940-4ADA-8B25-9CAEEB15C0F1}.Release|Any CPU.ActiveCfg = Release|Any CPU
		{9A318685-8940-4ADA-8B25-9CAEEB15C0F1}.Release|Any CPU.Build.0 = Release|Any CPU
		{DABAF517-7E3B-4BFF-839F-376C36721F33}.Debug|Any CPU.ActiveCfg = Debug|Any CPU
		{DABAF517-7E3B-4BFF-839F-376C36721F33}.Debug|Any CPU.Build.0 = Debug|Any CPU
		{DABAF517-7E3B-4BFF-839F-376C36721F33}.Release|Any CPU.ActiveCfg = Release|Any CPU
		{DABAF517-7E3B-4BFF-839F-376C36721F33}.Release|Any CPU.Build.0 = Release|Any CPU
		{A14E1B8A-F6C9-476E-BF73-2F7330DA0F67}.Debug|Any CPU.ActiveCfg = Debug|Any CPU
		{A14E1B8A-F6C9-476E-BF73-2F7330DA0F67}.Debug|Any CPU.Build.0 = Debug|Any CPU
		{A14E1B8A-F6C9-476E-BF73-2F7330DA0F67}.Release|Any CPU.ActiveCfg = Release|Any CPU
		{A14E1B8A-F6C9-476E-BF73-2F7330DA0F67}.Release|Any CPU.Build.0 = Release|Any CPU
		{6DB2722D-552C-4E8C-AE35-1ACA61E47990}.Debug|Any CPU.ActiveCfg = Debug|Any CPU
		{6DB2722D-552C-4E8C-AE35-1ACA61E47990}.Debug|Any CPU.Build.0 = Debug|Any CPU
		{6DB2722D-552C-4E8C-AE35-1ACA61E47990}.Release|Any CPU.ActiveCfg = Release|Any CPU
		{6DB2722D-552C-4E8C-AE35-1ACA61E47990}.Release|Any CPU.Build.0 = Release|Any CPU
		{F4DE51B2-009E-4DEC-936A-1FCCFAFA557D}.Debug|Any CPU.ActiveCfg = Debug|Any CPU
		{F4DE51B2-009E-4DEC-936A-1FCCFAFA557D}.Debug|Any CPU.Build.0 = Debug|Any CPU
		{F4DE51B2-009E-4DEC-936A-1FCCFAFA557D}.Release|Any CPU.ActiveCfg = Release|Any CPU
		{F4DE51B2-009E-4DEC-936A-1FCCFAFA557D}.Release|Any CPU.Build.0 = Release|Any CPU
		{2D96776E-363C-4EF8-9CD2-D55367E5858D}.Debug|Any CPU.ActiveCfg = Debug|Any CPU
		{2D96776E-363C-4EF8-9CD2-D55367E5858D}.Debug|Any CPU.Build.0 = Debug|Any CPU
		{2D96776E-363C-4EF8-9CD2-D55367E5858D}.Release|Any CPU.ActiveCfg = Release|Any CPU
		{2D96776E-363C-4EF8-9CD2-D55367E5858D}.Release|Any CPU.Build.0 = Release|Any CPU
		{AC7D12B0-D4B6-4B85-B5C8-1CD388B72307}.Debug|Any CPU.ActiveCfg = Debug|Any CPU
		{AC7D12B0-D4B6-4B85-B5C8-1CD388B72307}.Debug|Any CPU.Build.0 = Debug|Any CPU
		{AC7D12B0-D4B6-4B85-B5C8-1CD388B72307}.Release|Any CPU.ActiveCfg = Release|Any CPU
		{AC7D12B0-D4B6-4B85-B5C8-1CD388B72307}.Release|Any CPU.Build.0 = Release|Any CPU
		{61BB3F2D-1370-43A0-B4F8-80ED23AC078E}.Debug|Any CPU.ActiveCfg = Debug|Any CPU
		{61BB3F2D-1370-43A0-B4F8-80ED23AC078E}.Debug|Any CPU.Build.0 = Debug|Any CPU
		{61BB3F2D-1370-43A0-B4F8-80ED23AC078E}.Release|Any CPU.ActiveCfg = Release|Any CPU
		{61BB3F2D-1370-43A0-B4F8-80ED23AC078E}.Release|Any CPU.Build.0 = Release|Any CPU
		{E6969D3F-47E7-4265-8FE3-E98F6B41FA3A}.Debug|Any CPU.ActiveCfg = Debug|Any CPU
		{E6969D3F-47E7-4265-8FE3-E98F6B41FA3A}.Debug|Any CPU.Build.0 = Debug|Any CPU
		{E6969D3F-47E7-4265-8FE3-E98F6B41FA3A}.Release|Any CPU.ActiveCfg = Release|Any CPU
		{E6969D3F-47E7-4265-8FE3-E98F6B41FA3A}.Release|Any CPU.Build.0 = Release|Any CPU
		{85844841-ED1A-45EB-A4AB-AD143041BE7D}.Debug|Any CPU.ActiveCfg = Debug|Any CPU
		{85844841-ED1A-45EB-A4AB-AD143041BE7D}.Debug|Any CPU.Build.0 = Debug|Any CPU
		{85844841-ED1A-45EB-A4AB-AD143041BE7D}.Release|Any CPU.ActiveCfg = Release|Any CPU
		{85844841-ED1A-45EB-A4AB-AD143041BE7D}.Release|Any CPU.Build.0 = Release|Any CPU
	EndGlobalSection
EndGlobal
